{
  "requires": true,
  "lockfileVersion": 1,
  "dependencies": {
    "@remix-run/router": {
      "version": "1.12.0",
      "resolved": "https://registry.npmjs.org/@remix-run/router/-/router-1.12.0.tgz",
      "integrity": "sha512-2hXv036Bux90e1GXTWSMfNzfDDK8LA8JYEWfyHxzvwdp6GyoWEovKc9cotb3KCKmkdwsIBuFGX7ScTWyiHv7Eg=="
    },
    "react-router": {
      "version": "6.19.0",
      "resolved": "https://registry.npmjs.org/react-router/-/react-router-6.19.0.tgz",
      "integrity": "sha512-0W63PKCZ7+OuQd7Tm+RbkI8kCLmn4GPjDbX61tWljPxWgqTKlEpeQUwPkT1DRjYhF8KSihK0hQpmhU4uxVMcdw==",
      "requires": {
        "@remix-run/router": "1.12.0"
      }
    },
    "react-router-dom": {
      "version": "6.19.0",
      "resolved": "https://registry.npmjs.org/react-router-dom/-/react-router-dom-6.19.0.tgz",
      "integrity": "sha512-N6dWlcgL2w0U5HZUUqU2wlmOrSb3ighJmtQ438SWbhB1yuLTXQ8yyTBMK3BSvVjp7gBtKurT554nCtMOgxCZmQ==",
      "requires": {
        "@remix-run/router": "1.12.0",
        "react-router": "6.19.0"
      }
    }
  }
}
